
Microsoft Visual Studio Solution File, Format Version 12.00
# Visual Studio Version 16
VisualStudioVersion = 16.0.30804.86
MinimumVisualStudioVersion = 10.0.40219.1
Project("{FAE04EC0-301F-11D3-BF4B-00C04F79EFBC}") = "Pinga", "Pinga\Pinga.csproj", "{0A596519-9334-4A8E-BB13-55E0E45A683C}"
EndProject
Project("{2150E333-8FDC-42A3-9474-1A3956D46DE8}") = "Solution Items", "Solution Items", "{FEA961DF-1024-463F-81EC-65689970E306}"
	ProjectSection(SolutionItems) = preProject
		.editorconfig = .editorconfig
	EndProjectSection
EndProject
Global
	GlobalSection(SolutionConfigurationPlatforms) = preSolution
		Debug|Any CPU = Debug|Any CPU
		Release|Any CPU = Release|Any CPU
	EndGlobalSection
	GlobalSection(ProjectConfigurationPlatforms) = postSolution
		{0A596519-9334-4A8E-BB13-55E0E45A683C}.Debug|Any CPU.ActiveCfg = Debug|Any CPU
		{0A596519-9334-4A8E-BB13-55E0E45A683C}.Debug|Any CPU.Build.0 = Debug|Any CPU
		{0A596519-9334-4A8E-BB13-55E0E45A683C}.Release|Any CPU.ActiveCfg = Release|Any CPU
		{0A596519-9334-4A8E-BB13-55E0E45A683C}.Release|Any CPU.Build.0 = Release|Any CPU
	EndGlobalSection
	GlobalSection(SolutionProperties) = preSolution
		HideSolutionNode = FALSE
	EndGlobalSection
	GlobalSection(ExtensibilityGlobals) = postSolution
		SolutionGuid = {6F0EB787-4097-41D1-987B-9ABE8E34F707}
	EndGlobalSection
EndGlobal
